
Microsoft Visual Studio Solution File, Format Version 12.00
# Visual Studio Version 16
VisualStudioVersion = 16.0.30406.217
MinimumVisualStudioVersion = 10.0.40219.1
Project("{FAE04EC0-301F-11D3-BF4B-00C04F79EFBC}") = "SistemaPortaria", "SistemaPortaria\SistemaPortaria.csproj", "{0D9B5AB5-9476-4E63-8F3D-3E0F41764830}"
EndProject
Global
	GlobalSection(SolutionConfigurationPlatforms) = preSolution
		Debug|Any CPU = Debug|Any CPU
		Release|Any CPU = Release|Any CPU
	EndGlobalSection
	GlobalSection(ProjectConfigurationPlatforms) = postSolution
		{0D9B5AB5-9476-4E63-8F3D-3E0F41764830}.Debug|Any CPU.ActiveCfg = Debug|Any CPU
		{0D9B5AB5-9476-4E63-8F3D-3E0F41764830}.Debug|Any CPU.Build.0 = Debug|Any CPU
		{0D9B5AB5-9476-4E63-8F3D-3E0F41764830}.Release|Any CPU.ActiveCfg = Release|Any CPU
		{0D9B5AB5-9476-4E63-8F3D-3E0F41764830}.Release|Any CPU.Build.0 = Release|Any CPU
	EndGlobalSection
	GlobalSection(SolutionProperties) = preSolution
		HideSolutionNode = FALSE
	EndGlobalSection
	GlobalSection(ExtensibilityGlobals) = postSolution
		SolutionGuid = {4F73B59A-B78F-4B33-AE8B-A54D047AAAEB}
	EndGlobalSection
EndGlobal
